
Microsoft Visual Studio Solution File, Format Version 12.00
# Visual Studio Version 17
VisualStudioVersion = 17.0.32126.317
MinimumVisualStudioVersion = 10.0.40219.1
Project("{E53339B2-1760-4266-BCC7-CA923CBCF16C}") = "docker-compose", "docker-compose.dcproj", "{C7239C9D-C9F8-46D5-9DF5-AC593C9D5585}"
EndProject
Project("{2150E333-8FDC-42A3-9474-1A3956D46DE8}") = "BuildingBlocks", "BuildingBlocks", "{134FFA84-6A53-4F49-AB4C-F2150F9C2B77}"
EndProject
Project("{2150E333-8FDC-42A3-9474-1A3956D46DE8}") = "Services", "Services", "{C2F002C4-6516-458E-9439-2729EE527A7F}"
EndProject
Project("{2150E333-8FDC-42A3-9474-1A3956D46DE8}") = "Account", "Account", "{9D083E56-A910-4655-B334-1A7DD8C55A0E}"
EndProject
Project("{2150E333-8FDC-42A3-9474-1A3956D46DE8}") = "ApiGateway", "ApiGateway", "{87AEC2FB-7D61-404D-8062-2DA064358679}"
EndProject
Project("{2150E333-8FDC-42A3-9474-1A3956D46DE8}") = "Basket", "Basket", "{5DF1760E-7CE6-4327-96FC-84BD97593675}"
EndProject
Project("{2150E333-8FDC-42A3-9474-1A3956D46DE8}") = "Catalog", "Catalog", "{CC844CA5-E26C-4722-AC93-1A93547A055C}"
EndProject
Project("{2150E333-8FDC-42A3-9474-1A3956D46DE8}") = "Existence", "Existence", "{2628BD33-F132-467F-B9E2-86ADEE9F24FE}"
EndProject
Project("{2150E333-8FDC-42A3-9474-1A3956D46DE8}") = "Ordering", "Ordering", "{3F6F788F-094E-4474-9BBF-A92B4EA5A5D3}"
EndProject
Project("{9A19103F-16F7-4668-BE54-9A1E7A4F7556}") = "Catalog.API", "Services\Catalog.API\Catalog.API.csproj", "{CCF1A3F5-DF06-453D-B00B-6674C81691B8}"
EndProject
Project("{9A19103F-16F7-4668-BE54-9A1E7A4F7556}") = "Basket.API", "Services\Basket.API\Basket.API\Basket.API.csproj", "{D238A70B-10C8-4624-A933-F1F6F3397746}"
EndProject
Project("{9A19103F-16F7-4668-BE54-9A1E7A4F7556}") = "Ordering.API", "Services\Ordering.Api\Ordering.API\Ordering.API.csproj", "{454D4935-B818-42DC-AB78-3495AEA499C2}"
EndProject
Project("{9A19103F-16F7-4668-BE54-9A1E7A4F7556}") = "Ordering.Application", "Services\Ordering.Api\Ordering.Application\Ordering.Application.csproj", "{FA807637-026C-4D0A-BC70-19F202C304D6}"
EndProject
Project("{9A19103F-16F7-4668-BE54-9A1E7A4F7556}") = "Ordering.Domain", "Services\Ordering.Api\Ordering.Domain\Ordering.Domain.csproj", "{91815644-E844-4884-9A0B-A440252292CE}"
EndProject
Project("{9A19103F-16F7-4668-BE54-9A1E7A4F7556}") = "Ordering.Infrastructure", "Services\Ordering.Api\Ordering.Infrastructure\Ordering.Infrastructure.csproj", "{78046BD4-81DE-4A1B-846F-74863B994870}"
EndProject
Project("{9A19103F-16F7-4668-BE54-9A1E7A4F7556}") = "Account.Api", "Services\Account.Api\Account.Api.csproj", "{D4273C17-9E6C-4F43-9474-E2E51AB54F88}"
EndProject
Project("{FAE04EC0-301F-11D3-BF4B-00C04F79EFBC}") = "OcelotGateawy", "Services\OcelotGateawy\OcelotGateawy.csproj", "{C930CF8A-FEFA-4A63-8DD0-87E0D98296C1}"
EndProject
Global
	GlobalSection(SolutionConfigurationPlatforms) = preSolution
		Debug|Any CPU = Debug|Any CPU
		Release|Any CPU = Release|Any CPU
	EndGlobalSection
	GlobalSection(ProjectConfigurationPlatforms) = postSolution
		{C7239C9D-C9F8-46D5-9DF5-AC593C9D5585}.Debug|Any CPU.ActiveCfg = Debug|Any CPU
		{C7239C9D-C9F8-46D5-9DF5-AC593C9D5585}.Debug|Any CPU.Build.0 = Debug|Any CPU
		{C7239C9D-C9F8-46D5-9DF5-AC593C9D5585}.Release|Any CPU.ActiveCfg = Release|Any CPU
		{C7239C9D-C9F8-46D5-9DF5-AC593C9D5585}.Release|Any CPU.Build.0 = Release|Any CPU
		{CCF1A3F5-DF06-453D-B00B-6674C81691B8}.Debug|Any CPU.ActiveCfg = Debug|Any CPU
		{CCF1A3F5-DF06-453D-B00B-6674C81691B8}.Debug|Any CPU.Build.0 = Debug|Any CPU
		{CCF1A3F5-DF06-453D-B00B-6674C81691B8}.Release|Any CPU.ActiveCfg = Release|Any CPU
		{CCF1A3F5-DF06-453D-B00B-6674C81691B8}.Release|Any CPU.Build.0 = Release|Any CPU
		{D238A70B-10C8-4624-A933-F1F6F3397746}.Debug|Any CPU.ActiveCfg = Debug|Any CPU
		{D238A70B-10C8-4624-A933-F1F6F3397746}.Debug|Any CPU.Build.0 = Debug|Any CPU
		{D238A70B-10C8-4624-A933-F1F6F3397746}.Release|Any CPU.ActiveCfg = Release|Any CPU
		{D238A70B-10C8-4624-A933-F1F6F3397746}.Release|Any CPU.Build.0 = Release|Any CPU
		{454D4935-B818-42DC-AB78-3495AEA499C2}.Debug|Any CPU.ActiveCfg = Debug|Any CPU
		{454D4935-B818-42DC-AB78-3495AEA499C2}.Debug|Any CPU.Build.0 = Debug|Any CPU
		{454D4935-B818-42DC-AB78-3495AEA499C2}.Release|Any CPU.ActiveCfg = Release|Any CPU
		{454D4935-B818-42DC-AB78-3495AEA499C2}.Release|Any CPU.Build.0 = Release|Any CPU
		{FA807637-026C-4D0A-BC70-19F202C304D6}.Debug|Any CPU.ActiveCfg = Debug|Any CPU
		{FA807637-026C-4D0A-BC70-19F202C304D6}.Debug|Any CPU.Build.0 = Debug|Any CPU
		{FA807637-026C-4D0A-BC70-19F202C304D6}.Release|Any CPU.ActiveCfg = Release|Any CPU
		{FA807637-026C-4D0A-BC70-19F202C304D6}.Release|Any CPU.Build.0 = Release|Any CPU
		{91815644-E844-4884-9A0B-A440252292CE}.Debug|Any CPU.ActiveCfg = Debug|Any CPU
		{91815644-E844-4884-9A0B-A440252292CE}.Debug|Any CPU.Build.0 = Debug|Any CPU
		{91815644-E844-4884-9A0B-A440252292CE}.Release|Any CPU.ActiveCfg = Release|Any CPU
		{91815644-E844-4884-9A0B-A440252292CE}.Release|Any CPU.Build.0 = Release|Any CPU
		{78046BD4-81DE-4A1B-846F-74863B994870}.Debug|Any CPU.ActiveCfg = Debug|Any CPU
		{78046BD4-81DE-4A1B-846F-74863B994870}.Debug|Any CPU.Build.0 = Debug|Any CPU
		{78046BD4-81DE-4A1B-846F-74863B994870}.Release|Any CPU.ActiveCfg = Release|Any CPU
		{78046BD4-81DE-4A1B-846F-74863B994870}.Release|Any CPU.Build.0 = Release|Any CPU
		{D4273C17-9E6C-4F43-9474-E2E51AB54F88}.Debug|Any CPU.ActiveCfg = Debug|Any CPU
		{D4273C17-9E6C-4F43-9474-E2E51AB54F88}.Debug|Any CPU.Build.0 = Debug|Any CPU
		{D4273C17-9E6C-4F43-9474-E2E51AB54F88}.Release|Any CPU.ActiveCfg = Release|Any CPU
		{D4273C17-9E6C-4F43-9474-E2E51AB54F88}.Release|Any CPU.Build.0 = Release|Any CPU
		{C930CF8A-FEFA-4A63-8DD0-87E0D98296C1}.Debug|Any CPU.ActiveCfg = Debug|Any CPU
		{C930CF8A-FEFA-4A63-8DD0-87E0D98296C1}.Debug|Any CPU.Build.0 = Debug|Any CPU
		{C930CF8A-FEFA-4A63-8DD0-87E0D98296C1}.Release|Any CPU.ActiveCfg = Release|Any CPU
		{C930CF8A-FEFA-4A63-8DD0-87E0D98296C1}.Release|Any CPU.Build.0 = Release|Any CPU
	EndGlobalSection
	GlobalSection(SolutionProperties) = preSolution
		HideSolutionNode = FALSE
	EndGlobalSection
	GlobalSection(NestedProjects) = preSolution
		{9D083E56-A910-4655-B334-1A7DD8C55A0E} = {C2F002C4-6516-458E-9439-2729EE527A7F}
		{87AEC2FB-7D61-404D-8062-2DA064358679} = {C2F002C4-6516-458E-9439-2729EE527A7F}
		{5DF1760E-7CE6-4327-96FC-84BD97593675} = {C2F002C4-6516-458E-9439-2729EE527A7F}
		{CC844CA5-E26C-4722-AC93-1A93547A055C} = {C2F002C4-6516-458E-9439-2729EE527A7F}
		{2628BD33-F132-467F-B9E2-86ADEE9F24FE} = {C2F002C4-6516-458E-9439-2729EE527A7F}
		{3F6F788F-094E-4474-9BBF-A92B4EA5A5D3} = {C2F002C4-6516-458E-9439-2729EE527A7F}
		{CCF1A3F5-DF06-453D-B00B-6674C81691B8} = {CC844CA5-E26C-4722-AC93-1A93547A055C}
		{D238A70B-10C8-4624-A933-F1F6F3397746} = {5DF1760E-7CE6-4327-96FC-84BD97593675}
		{454D4935-B818-42DC-AB78-3495AEA499C2} = {3F6F788F-094E-4474-9BBF-A92B4EA5A5D3}
		{FA807637-026C-4D0A-BC70-19F202C304D6} = {3F6F788F-094E-4474-9BBF-A92B4EA5A5D3}
		{91815644-E844-4884-9A0B-A440252292CE} = {3F6F788F-094E-4474-9BBF-A92B4EA5A5D3}
		{78046BD4-81DE-4A1B-846F-74863B994870} = {3F6F788F-094E-4474-9BBF-A92B4EA5A5D3}
		{D4273C17-9E6C-4F43-9474-E2E51AB54F88} = {9D083E56-A910-4655-B334-1A7DD8C55A0E}
		{C930CF8A-FEFA-4A63-8DD0-87E0D98296C1} = {87AEC2FB-7D61-404D-8062-2DA064358679}
	EndGlobalSection
	GlobalSection(ExtensibilityGlobals) = postSolution
		SolutionGuid = {ADA350C7-F750-4FA4-96FC-266B7C48354D}
	EndGlobalSection
EndGlobal
